
Microsoft Visual Studio Solution File, Format Version 12.00
# Visual Studio Version 17
VisualStudioVersion = 17.13.35931.197 d17.13
MinimumVisualStudioVersion = 10.0.40219.1
Project("{FAE04EC0-301F-11D3-BF4B-00C04F79EFBC}") = "Vernyomas", "Vernyomas\Vernyomas.csproj", "{84392EC3-7B28-4081-BD5B-DC18C9E92F0F}"
EndProject
Global
	GlobalSection(SolutionConfigurationPlatforms) = preSolution
		Debug|Any CPU = Debug|Any CPU
		Release|Any CPU = Release|Any CPU
	EndGlobalSection
	GlobalSection(ProjectConfigurationPlatforms) = postSolution
		{84392EC3-7B28-4081-BD5B-DC18C9E92F0F}.Debug|Any CPU.ActiveCfg = Debug|Any CPU
		{84392EC3-7B28-4081-BD5B-DC18C9E92F0F}.Debug|Any CPU.Build.0 = Debug|Any CPU
		{84392EC3-7B28-4081-BD5B-DC18C9E92F0F}.Release|Any CPU.ActiveCfg = Release|Any CPU
		{84392EC3-7B28-4081-BD5B-DC18C9E92F0F}.Release|Any CPU.Build.0 = Release|Any CPU
	EndGlobalSection
	GlobalSection(SolutionProperties) = preSolution
		HideSolutionNode = FALSE
	EndGlobalSection
	GlobalSection(ExtensibilityGlobals) = postSolution
		SolutionGuid = {26616A5C-D8F7-41B5-B1AD-9D9BDAF62862}
	EndGlobalSection
EndGlobal
